
Microsoft Visual Studio Solution File, Format Version 12.00
# Visual Studio Version 17
VisualStudioVersion = 17.7.34202.233
MinimumVisualStudioVersion = 10.0.40219.1
Project("{FAE04EC0-301F-11D3-BF4B-00C04F79EFBC}") = "Zadanie2", "Zadanie2.csproj", "{3C6111D5-A9D7-473E-8147-3806E09576B4}"
EndProject
Global
	GlobalSection(SolutionConfigurationPlatforms) = preSolution
		Debug|Any CPU = Debug|Any CPU
		Release|Any CPU = Release|Any CPU
	EndGlobalSection
	GlobalSection(ProjectConfigurationPlatforms) = postSolution
		{3C6111D5-A9D7-473E-8147-3806E09576B4}.Debug|Any CPU.ActiveCfg = Debug|Any CPU
		{3C6111D5-A9D7-473E-8147-3806E09576B4}.Debug|Any CPU.Build.0 = Debug|Any CPU
		{3C6111D5-A9D7-473E-8147-3806E09576B4}.Release|Any CPU.ActiveCfg = Release|Any CPU
		{3C6111D5-A9D7-473E-8147-3806E09576B4}.Release|Any CPU.Build.0 = Release|Any CPU
	EndGlobalSection
	GlobalSection(SolutionProperties) = preSolution
		HideSolutionNode = FALSE
	EndGlobalSection
	GlobalSection(ExtensibilityGlobals) = postSolution
		SolutionGuid = {6B1BEDC4-B3F8-4F19-8E81-2EEC3C2A52CA}
	EndGlobalSection
EndGlobal
